PODS:
  - FriendlyCaptcha (0.1.0)
  - Nimble (10.0.0)
  - Quick (2.2.1)

DEPENDENCIES:
  - FriendlyCaptcha (from `../`)
  - Nimble (~> 10.0.0)
  - Quick (~> 2.2.0)

SPEC REPOS:
  trunk:
    - Nimble
    - Quick

EXTERNAL SOURCES:
  FriendlyCaptcha:
    :path: "../"

SPEC CHECKSUMS:
  FriendlyCaptcha: c3c067a7b9313b42a59ba243c657dc1864d706b3
  Nimble: 5316ef81a170ce87baf72dd961f22f89a602ff84
  Quick: f5754d69b7013f5864c29aab9ae6f0c79c5bc200

PODFILE CHECKSUM: fe81cce64ca7bb259605d566066bfc26a2af7278

COCOAPODS: 1.16.2
