PODS:
  - FriendlyCaptcha (0.1.1)
  - Nimble (10.0.0)
  - Quick (5.0.1)

DEPENDENCIES:
  - FriendlyCaptcha (from `../`)
  - Nimble (~> 10.0.0)
  - Quick (~> 5.0.0)

SPEC REPOS:
  trunk:
    - Nimble
    - Quick

EXTERNAL SOURCES:
  FriendlyCaptcha:
    :path: "../"

SPEC CHECKSUMS:
  FriendlyCaptcha: f024153a2c6f98658a914be547f5b0fe9455c00e
  Nimble: 5316ef81a170ce87baf72dd961f22f89a602ff84
  Quick: 749aa754fd1e7d984f2000fe051e18a3a9809179

PODFILE CHECKSUM: 92dde6d512e253c20b4e8fae5a02b1c00123d2a2

COCOAPODS: 1.16.2
