PODS:
  - FriendlyCaptcha (1.0.0)
  - Nimble (10.0.0)
  - Quick (5.0.1)

DEPENDENCIES:
  - FriendlyCaptcha (from `../`)
  - Nimble (~> 10.0.0)
  - Quick (~> 5.0.0)

SPEC REPOS:
  trunk:
    - Nimble
    - Quick

EXTERNAL SOURCES:
  FriendlyCaptcha:
    :path: "../"

SPEC CHECKSUMS:
  FriendlyCaptcha: 3cfed75cd4fc895b8c2aeb1ed3e5a3d1af27a838
  Nimble: 5316ef81a170ce87baf72dd961f22f89a602ff84
  Quick: 749aa754fd1e7d984f2000fe051e18a3a9809179

PODFILE CHECKSUM: 5cfb32e94bdcf5af0048c35fb987ce7b5aa5363b

COCOAPODS: 1.16.2
