// !$*UTF8*$!
{
	archiveVersion = 1;
	classes = {
	};
	objectVersion = 63;
	objects = {

/* Begin PBXBuildFile section */
		1B29633F68B983A40BC1FFBD /* Pods_ExampleTests.framework in Frameworks */ = {isa = PBXBuildFile; fileRef = 27C74C6AF80DA2C87B720BC1 /* Pods_ExampleTests.framework */; };
		27B21B656889CAEBE31B73BE /* Pods_Example_ExampleUITests.framework in Frameworks */ = {isa = PBXBuildFile; fileRef = C474AA889F9360447B8565C6 /* Pods_Example_ExampleUITests.framework */; };
		3F07FD90EF481A7A415F87C9 /* Pods_Example.framework in Frameworks */ = {isa = PBXBuildFile; fileRef = 56C1FA071AAB681A5E51E528 /* Pods_Example.framework */; };
		6D25EF412CD919D300A07265 /* ContentView.swift in Sources */ = {isa = PBXBuildFile; fileRef = 6D25EF3E2CD919D300A07265 /* ContentView.swift */; };
		6D25EF422CD919D300A07265 /* ExampleApp.swift in Sources */ = {isa = PBXBuildFile; fileRef = 6D25EF3F2CD919D300A07265 /* ExampleApp.swift */; };
		6D25EF432CD919D300A07265 /* Preview Assets.xcassets in Resources */ = {isa = PBXBuildFile; fileRef = 6D25EF3B2CD919D300A07265 /* Preview Assets.xcassets */; };
		6D25EF442CD919D300A07265 /* Assets.xcassets in Resources */ = {isa = PBXBuildFile; fileRef = 6D25EF3D2CD919D300A07265 /* Assets.xcassets */; };
		6D25EF472CD919D700A07265 /* ExampleTests.swift in Sources */ = {isa = PBXBuildFile; fileRef = 6D25EF452CD919D700A07265 /* ExampleTests.swift */; };
		6D25EF4B2CD919DA00A07265 /* ExampleUITests.swift in Sources */ = {isa = PBXBuildFile; fileRef = 6D25EF482CD919DA00A07265 /* ExampleUITests.swift */; };
		6D25EF4C2CD919DA00A07265 /* ExampleUITestsLaunchTests.swift in Sources */ = {isa = PBXBuildFile; fileRef = 6D25EF492CD919DA00A07265 /* ExampleUITestsLaunchTests.swift */; };
/* End PBXBuildFile section */

/* Begin PBXContainerItemProxy section */
		6D25EF1F2CD9195100A07265 /* PBXContainerItemProxy */ = {
			isa = PBXContainerItemProxy;
			containerPortal = 6D25EF062CD9195000A07265 /* Project object */;
			proxyType = 1;
			remoteGlobalIDString = 6D25EF0D2CD9195000A07265;
			remoteInfo = Example;
		};
		6D25EF292CD9195100A07265 /* PBXContainerItemProxy */ = {
			isa = PBXContainerItemProxy;
			containerPortal = 6D25EF062CD9195000A07265 /* Project object */;
			proxyType = 1;
			remoteGlobalIDString = 6D25EF0D2CD9195000A07265;
			remoteInfo = Example;
		};
/* End PBXContainerItemProxy section */

/* Begin PBXFileReference section */
		269A75F14FA7B3ABBB6B8A32 /* Pods-Example-ExampleUITests.release.xcconfig */ = {isa = PBXFileReference; includeInIndex = 1; lastKnownFileType = text.xcconfig; name = "Pods-Example-ExampleUITests.release.xcconfig"; path = "Target Support Files/Pods-Example-ExampleUITests/Pods-Example-ExampleUITests.release.xcconfig"; sourceTree = "<group>"; };
		27C74C6AF80DA2C87B720BC1 /* Pods_ExampleTests.framework */ = {isa = PBXFileReference; explicitFileType = wrapper.framework; includeInIndex = 0; path = Pods_ExampleTests.framework; sourceTree = BUILT_PRODUCTS_DIR; };
		56C1FA071AAB681A5E51E528 /* Pods_Example.framework */ = {isa = PBXFileReference; explicitFileType = wrapper.framework; includeInIndex = 0; path = Pods_Example.framework; sourceTree = BUILT_PRODUCTS_DIR; };
		5AC8CB61FA4C745DEE9D5D66 /* Pods-Example-ExampleUITests.debug.xcconfig */ = {isa = PBXFileReference; includeInIndex = 1; lastKnownFileType = text.xcconfig; name = "Pods-Example-ExampleUITests.debug.xcconfig"; path = "Target Support Files/Pods-Example-ExampleUITests/Pods-Example-ExampleUITests.debug.xcconfig"; sourceTree = "<group>"; };
		5D2854750A721A1605E5F234 /* Pods-ExampleTests.release.xcconfig */ = {isa = PBXFileReference; includeInIndex = 1; lastKnownFileType = text.xcconfig; name = "Pods-ExampleTests.release.xcconfig"; path = "Target Support Files/Pods-ExampleTests/Pods-ExampleTests.release.xcconfig"; sourceTree = "<group>"; };
		6D25EF0E2CD9195000A07265 /* Example.app */ = {isa = PBXFileReference; explicitFileType = wrapper.application; includeInIndex = 0; path = Example.app; sourceTree = BUILT_PRODUCTS_DIR; };
		6D25EF1E2CD9195100A07265 /* ExampleTests.xctest */ = {isa = PBXFileReference; explicitFileType = wrapper.cfbundle; includeInIndex = 0; path = ExampleTests.xctest; sourceTree = BUILT_PRODUCTS_DIR; };
		6D25EF282CD9195100A07265 /* ExampleUITests.xctest */ = {isa = PBXFileReference; explicitFileType = wrapper.cfbundle; includeInIndex = 0; path = ExampleUITests.xctest; sourceTree = BUILT_PRODUCTS_DIR; };
		6D25EF3B2CD919D300A07265 /* Preview Assets.xcassets */ = {isa = PBXFileReference; lastKnownFileType = folder.assetcatalog; path = "Preview Assets.xcassets"; sourceTree = "<group>"; };
		6D25EF3D2CD919D300A07265 /* Assets.xcassets */ = {isa = PBXFileReference; lastKnownFileType = folder.assetcatalog; path = Assets.xcassets; sourceTree = "<group>"; };
		6D25EF3E2CD919D300A07265 /* ContentView.swift */ = {isa = PBXFileReference; lastKnownFileType = sourcecode.swift; path = ContentView.swift; sourceTree = "<group>"; };
		6D25EF3F2CD919D300A07265 /* ExampleApp.swift */ = {isa = PBXFileReference; lastKnownFileType = sourcecode.swift; path = ExampleApp.swift; sourceTree = "<group>"; };
		6D25EF452CD919D700A07265 /* ExampleTests.swift */ = {isa = PBXFileReference; lastKnownFileType = sourcecode.swift; path = ExampleTests.swift; sourceTree = "<group>"; };
		6D25EF482CD919DA00A07265 /* ExampleUITests.swift */ = {isa = PBXFileReference; lastKnownFileType = sourcecode.swift; path = ExampleUITests.swift; sourceTree = "<group>"; };
		6D25EF492CD919DA00A07265 /* ExampleUITestsLaunchTests.swift */ = {isa = PBXFileReference; lastKnownFileType = sourcecode.swift; path = ExampleUITestsLaunchTests.swift; sourceTree = "<group>"; };
		7918957EFF7F70A0C0A5FA03 /* Pods-Example.debug.xcconfig */ = {isa = PBXFileReference; includeInIndex = 1; lastKnownFileType = text.xcconfig; name = "Pods-Example.debug.xcconfig"; path = "Target Support Files/Pods-Example/Pods-Example.debug.xcconfig"; sourceTree = "<group>"; };
		C474AA889F9360447B8565C6 /* Pods_Example_ExampleUITests.framework */ = {isa = PBXFileReference; explicitFileType = wrapper.framework; includeInIndex = 0; path = Pods_Example_ExampleUITests.framework; sourceTree = BUILT_PRODUCTS_DIR; };
		DBEF580A16E7ADA5D5903632 /* Pods-ExampleTests.debug.xcconfig */ = {isa = PBXFileReference; includeInIndex = 1; lastKnownFileType = text.xcconfig; name = "Pods-ExampleTests.debug.xcconfig"; path = "Target Support Files/Pods-ExampleTests/Pods-ExampleTests.debug.xcconfig"; sourceTree = "<group>"; };
		EFDB094910736CAECFDF4246 /* Pods-Example.release.xcconfig */ = {isa = PBXFileReference; includeInIndex = 1; lastKnownFileType = text.xcconfig; name = "Pods-Example.release.xcconfig"; path = "Target Support Files/Pods-Example/Pods-Example.release.xcconfig"; sourceTree = "<group>"; };
/* End PBXFileReference section */

/* Begin PBXFrameworksBuildPhase section */
		6D25EF0B2CD9195000A07265 /* Frameworks */ = {
			isa = PBXFrameworksBuildPhase;
			buildActionMask = 2147483647;
			files = (
				3F07FD90EF481A7A415F87C9 /* Pods_Example.framework in Frameworks */,
			);
			runOnlyForDeploymentPostprocessing = 0;
		};
		6D25EF1B2CD9195100A07265 /* Frameworks */ = {
			isa = PBXFrameworksBuildPhase;
			buildActionMask = 2147483647;
			files = (
				1B29633F68B983A40BC1FFBD /* Pods_ExampleTests.framework in Frameworks */,
			);
			runOnlyForDeploymentPostprocessing = 0;
		};
		6D25EF252CD9195100A07265 /* Frameworks */ = {
			isa = PBXFrameworksBuildPhase;
			buildActionMask = 2147483647;
			files = (
				27B21B656889CAEBE31B73BE /* Pods_Example_ExampleUITests.framework in Frameworks */,
			);
			runOnlyForDeploymentPostprocessing = 0;
		};
/* End PBXFrameworksBuildPhase section */

/* Begin PBXGroup section */
		6D25EF052CD9195000A07265 = {
			isa = PBXGroup;
			children = (
				6D25EF402CD919D300A07265 /* Example */,
				6D25EF462CD919D700A07265 /* ExampleTests */,
				6D25EF4A2CD919DA00A07265 /* ExampleUITests */,
				6D25EF0F2CD9195000A07265 /* Products */,
				A4FEE7B8FFA372B46224B23C /* Pods */,
				966BE95978690F40B1C269FF /* Frameworks */,
			);
			sourceTree = "<group>";
		};
		6D25EF0F2CD9195000A07265 /* Products */ = {
			isa = PBXGroup;
			children = (
				6D25EF0E2CD9195000A07265 /* Example.app */,
				6D25EF1E2CD9195100A07265 /* ExampleTests.xctest */,
				6D25EF282CD9195100A07265 /* ExampleUITests.xctest */,
			);
			name = Products;
			sourceTree = "<group>";
		};
		6D25EF3C2CD919D300A07265 /* Preview Content */ = {
			isa = PBXGroup;
			children = (
				6D25EF3B2CD919D300A07265 /* Preview Assets.xcassets */,
			);
			path = "Preview Content";
			sourceTree = "<group>";
		};
		6D25EF402CD919D300A07265 /* Example */ = {
			isa = PBXGroup;
			children = (
				6D25EF3C2CD919D300A07265 /* Preview Content */,
				6D25EF3D2CD919D300A07265 /* Assets.xcassets */,
				6D25EF3E2CD919D300A07265 /* ContentView.swift */,
				6D25EF3F2CD919D300A07265 /* ExampleApp.swift */,
			);
			path = Example;
			sourceTree = "<group>";
		};
		6D25EF462CD919D700A07265 /* ExampleTests */ = {
			isa = PBXGroup;
			children = (
				6D25EF452CD919D700A07265 /* ExampleTests.swift */,
			);
			path = ExampleTests;
			sourceTree = "<group>";
		};
		6D25EF4A2CD919DA00A07265 /* ExampleUITests */ = {
			isa = PBXGroup;
			children = (
				6D25EF482CD919DA00A07265 /* ExampleUITests.swift */,
				6D25EF492CD919DA00A07265 /* ExampleUITestsLaunchTests.swift */,
			);
			path = ExampleUITests;
			sourceTree = "<group>";
		};
		966BE95978690F40B1C269FF /* Frameworks */ = {
			isa = PBXGroup;
			children = (
				56C1FA071AAB681A5E51E528 /* Pods_Example.framework */,
				C474AA889F9360447B8565C6 /* Pods_Example_ExampleUITests.framework */,
				27C74C6AF80DA2C87B720BC1 /* Pods_ExampleTests.framework */,
			);
			name = Frameworks;
			sourceTree = "<group>";
		};
		A4FEE7B8FFA372B46224B23C /* Pods */ = {
			isa = PBXGroup;
			children = (
				7918957EFF7F70A0C0A5FA03 /* Pods-Example.debug.xcconfig */,
				EFDB094910736CAECFDF4246 /* Pods-Example.release.xcconfig */,
				5AC8CB61FA4C745DEE9D5D66 /* Pods-Example-ExampleUITests.debug.xcconfig */,
				269A75F14FA7B3ABBB6B8A32 /* Pods-Example-ExampleUITests.release.xcconfig */,
				DBEF580A16E7ADA5D5903632 /* Pods-ExampleTests.debug.xcconfig */,
				5D2854750A721A1605E5F234 /* Pods-ExampleTests.release.xcconfig */,
			);
			path = Pods;
			sourceTree = "<group>";
		};
/* End PBXGroup section */

/* Begin PBXNativeTarget section */
		6D25EF0D2CD9195000A07265 /* Example */ = {
			isa = PBXNativeTarget;
			buildConfigurationList = 6D25EF322CD9195100A07265 /* Build configuration list for PBXNativeTarget "Example" */;
			buildPhases = (
				6C7F78097B1B6BD81F2FB997 /* [CP] Check Pods Manifest.lock */,
				6D25EF0A2CD9195000A07265 /* Sources */,
				6D25EF0B2CD9195000A07265 /* Frameworks */,
				6D25EF0C2CD9195000A07265 /* Resources */,
				B52BAA930B5AB0DD9161B76B /* [CP] Embed Pods Frameworks */,
			);
			buildRules = (
			);
			dependencies = (
			);
			name = Example;
			productName = Example;
			productReference = 6D25EF0E2CD9195000A07265 /* Example.app */;
			productType = "com.apple.product-type.application";
		};
		6D25EF1D2CD9195100A07265 /* ExampleTests */ = {
			isa = PBXNativeTarget;
			buildConfigurationList = 6D25EF352CD9195100A07265 /* Build configuration list for PBXNativeTarget "ExampleTests" */;
			buildPhases = (
				EB9FC43EF3C50CD75CCD9765 /* [CP] Check Pods Manifest.lock */,
				6D25EF1A2CD9195100A07265 /* Sources */,
				6D25EF1B2CD9195100A07265 /* Frameworks */,
				6D25EF1C2CD9195100A07265 /* Resources */,
			);
			buildRules = (
			);
			dependencies = (
				6D25EF202CD9195100A07265 /* PBXTargetDependency */,
			);
			name = ExampleTests;
			productName = ExampleTests;
			productReference = 6D25EF1E2CD9195100A07265 /* ExampleTests.xctest */;
			productType = "com.apple.product-type.bundle.unit-test";
		};
		6D25EF272CD9195100A07265 /* ExampleUITests */ = {
			isa = PBXNativeTarget;
			buildConfigurationList = 6D25EF382CD9195100A07265 /* Build configuration list for PBXNativeTarget "ExampleUITests" */;
			buildPhases = (
				A39450BFF27D0934B6A0C78B /* [CP] Check Pods Manifest.lock */,
				6D25EF242CD9195100A07265 /* Sources */,
				6D25EF252CD9195100A07265 /* Frameworks */,
				6D25EF262CD9195100A07265 /* Resources */,
				C91647F0D44B3C4D796B4C43 /* [CP] Embed Pods Frameworks */,
			);
			buildRules = (
			);
			dependencies = (
				6D25EF2A2CD9195100A07265 /* PBXTargetDependency */,
			);
			name = ExampleUITests;
			productName = ExampleUITests;
			productReference = 6D25EF282CD9195100A07265 /* ExampleUITests.xctest */;
			productType = "com.apple.product-type.bundle.ui-testing";
		};
/* End PBXNativeTarget section */

/* Begin PBXProject section */
		6D25EF062CD9195000A07265 /* Project object */ = {
			isa = PBXProject;
			attributes = {
				BuildIndependentTargetsInParallel = 1;
				LastSwiftUpdateCheck = 1600;
				LastUpgradeCheck = 1600;
				TargetAttributes = {
					6D25EF0D2CD9195000A07265 = {
						CreatedOnToolsVersion = 16.0;
					};
					6D25EF1D2CD9195100A07265 = {
						CreatedOnToolsVersion = 16.0;
						TestTargetID = 6D25EF0D2CD9195000A07265;
					};
					6D25EF272CD9195100A07265 = {
						CreatedOnToolsVersion = 16.0;
						TestTargetID = 6D25EF0D2CD9195000A07265;
					};
				};
			};
			buildConfigurationList = 6D25EF092CD9195000A07265 /* Build configuration list for PBXProject "Example" */;
			compatibilityVersion = "Xcode 15.3";
			developmentRegion = en;
			hasScannedForEncodings = 0;
			knownRegions = (
				en,
				Base,
			);
			mainGroup = 6D25EF052CD9195000A07265;
			minimizedProjectReferenceProxies = 1;
			productRefGroup = 6D25EF0F2CD9195000A07265 /* Products */;
			projectDirPath = "";
			projectRoot = "";
			targets = (
				6D25EF0D2CD9195000A07265 /* Example */,
				6D25EF1D2CD9195100A07265 /* ExampleTests */,
				6D25EF272CD9195100A07265 /* ExampleUITests */,
			);
		};
/* End PBXProject section */

/* Begin PBXResourcesBuildPhase section */
		6D25EF0C2CD9195000A07265 /* Resources */ = {
			isa = PBXResourcesBuildPhase;
			buildActionMask = 2147483647;
			files = (
				6D25EF432CD919D300A07265 /* Preview Assets.xcassets in Resources */,
				6D25EF442CD919D300A07265 /* Assets.xcassets in Resources */,
			);
			runOnlyForDeploymentPostprocessing = 0;
		};
		6D25EF1C2CD9195100A07265 /* Resources */ = {
			isa = PBXResourcesBuildPhase;
			buildActionMask = 2147483647;
			files = (
			);
			runOnlyForDeploymentPostprocessing = 0;
		};
		6D25EF262CD9195100A07265 /* Resources */ = {
			isa = PBXResourcesBuildPhase;
			buildActionMask = 2147483647;
			files = (
			);
			runOnlyForDeploymentPostprocessing = 0;
		};
/* End PBXResourcesBuildPhase section */

/* Begin PBXShellScriptBuildPhase section */
		6C7F78097B1B6BD81F2FB997 /* [CP] Check Pods Manifest.lock */ = {
			isa = PBXShellScriptBuildPhase;
			buildActionMask = 2147483647;
			files = (
			);
			inputFileListPaths = (
			);
			inputPaths = (
				"${PODS_PODFILE_DIR_PATH}/Podfile.lock",
				"${PODS_ROOT}/Manifest.lock",
			);
			name = "[CP] Check Pods Manifest.lock";
			outputFileListPaths = (
			);
			outputPaths = (
				"$(DERIVED_FILE_DIR)/Pods-Example-checkManifestLockResult.txt",
			);
			runOnlyForDeploymentPostprocessing = 0;
			shellPath = /bin/sh;
			shellScript = "diff \"${PODS_PODFILE_DIR_PATH}/Podfile.lock\" \"${PODS_ROOT}/Manifest.lock\" > /dev/null\nif [ $? != 0 ] ; then\n    # print error to STDERR\n    echo \"error: The sandbox is not in sync with the Podfile.lock. Run 'pod install' or update your CocoaPods installation.\" >&2\n    exit 1\nfi\n# This output is used by Xcode 'outputs' to avoid re-running this script phase.\necho \"SUCCESS\" > \"${SCRIPT_OUTPUT_FILE_0}\"\n";
			showEnvVarsInLog = 0;
		};
		A39450BFF27D0934B6A0C78B /* [CP] Check Pods Manifest.lock */ = {
			isa = PBXShellScriptBuildPhase;
			buildActionMask = 2147483647;
			files = (
			);
			inputFileListPaths = (
			);
			inputPaths = (
				"${PODS_PODFILE_DIR_PATH}/Podfile.lock",
				"${PODS_ROOT}/Manifest.lock",
			);
			name = "[CP] Check Pods Manifest.lock";
			outputFileListPaths = (
			);
			outputPaths = (
				"$(DERIVED_FILE_DIR)/Pods-Example-ExampleUITests-checkManifestLockResult.txt",
			);
			runOnlyForDeploymentPostprocessing = 0;
			shellPath = /bin/sh;
			shellScript = "diff \"${PODS_PODFILE_DIR_PATH}/Podfile.lock\" \"${PODS_ROOT}/Manifest.lock\" > /dev/null\nif [ $? != 0 ] ; then\n    # print error to STDERR\n    echo \"error: The sandbox is not in sync with the Podfile.lock. Run 'pod install' or update your CocoaPods installation.\" >&2\n    exit 1\nfi\n# This output is used by Xcode 'outputs' to avoid re-running this script phase.\necho \"SUCCESS\" > \"${SCRIPT_OUTPUT_FILE_0}\"\n";
			showEnvVarsInLog = 0;
		};
		B52BAA930B5AB0DD9161B76B /* [CP] Embed Pods Frameworks */ = {
			isa = PBXShellScriptBuildPhase;
			buildActionMask = 2147483647;
			files = (
			);
			inputFileListPaths = (
				"${PODS_ROOT}/Target Support Files/Pods-Example/Pods-Example-frameworks-${CONFIGURATION}-input-files.xcfilelist",
			);
			name = "[CP] Embed Pods Frameworks";
			outputFileListPaths = (
				"${PODS_ROOT}/Target Support Files/Pods-Example/Pods-Example-frameworks-${CONFIGURATION}-output-files.xcfilelist",
			);
			runOnlyForDeploymentPostprocessing = 0;
			shellPath = /bin/sh;
			shellScript = "\"${PODS_ROOT}/Target Support Files/Pods-Example/Pods-Example-frameworks.sh\"\n";
			showEnvVarsInLog = 0;
		};
		C91647F0D44B3C4D796B4C43 /* [CP] Embed Pods Frameworks */ = {
			isa = PBXShellScriptBuildPhase;
			buildActionMask = 2147483647;
			files = (
			);
			inputFileListPaths = (
				"${PODS_ROOT}/Target Support Files/Pods-Example-ExampleUITests/Pods-Example-ExampleUITests-frameworks-${CONFIGURATION}-input-files.xcfilelist",
			);
			name = "[CP] Embed Pods Frameworks";
			outputFileListPaths = (
				"${PODS_ROOT}/Target Support Files/Pods-Example-ExampleUITests/Pods-Example-ExampleUITests-frameworks-${CONFIGURATION}-output-files.xcfilelist",
			);
			runOnlyForDeploymentPostprocessing = 0;
			shellPath = /bin/sh;
			shellScript = "\"${PODS_ROOT}/Target Support Files/Pods-Example-ExampleUITests/Pods-Example-ExampleUITests-frameworks.sh\"\n";
			showEnvVarsInLog = 0;
		};
		EB9FC43EF3C50CD75CCD9765 /* [CP] Check Pods Manifest.lock */ = {
			isa = PBXShellScriptBuildPhase;
			buildActionMask = 2147483647;
			files = (
			);
			inputFileListPaths = (
			);
			inputPaths = (
				"${PODS_PODFILE_DIR_PATH}/Podfile.lock",
				"${PODS_ROOT}/Manifest.lock",
			);
			name = "[CP] Check Pods Manifest.lock";
			outputFileListPaths = (
			);
			outputPaths = (
				"$(DERIVED_FILE_DIR)/Pods-ExampleTests-checkManifestLockResult.txt",
			);
			runOnlyForDeploymentPostprocessing = 0;
			shellPath = /bin/sh;
			shellScript = "diff \"${PODS_PODFILE_DIR_PATH}/Podfile.lock\" \"${PODS_ROOT}/Manifest.lock\" > /dev/null\nif [ $? != 0 ] ; then\n    # print error to STDERR\n    echo \"error: The sandbox is not in sync with the Podfile.lock. Run 'pod install' or update your CocoaPods installation.\" >&2\n    exit 1\nfi\n# This output is used by Xcode 'outputs' to avoid re-running this script phase.\necho \"SUCCESS\" > \"${SCRIPT_OUTPUT_FILE_0}\"\n";
			showEnvVarsInLog = 0;
		};
/* End PBXShellScriptBuildPhase section */

/* Begin PBXSourcesBuildPhase section */
		6D25EF0A2CD9195000A07265 /* Sources */ = {
			isa = PBXSourcesBuildPhase;
			buildActionMask = 2147483647;
			files = (
				6D25EF412CD919D300A07265 /* ContentView.swift in Sources */,
				6D25EF422CD919D300A07265 /* ExampleApp.swift in Sources */,
			);
			runOnlyForDeploymentPostprocessing = 0;
		};
		6D25EF1A2CD9195100A07265 /* Sources */ = {
			isa = PBXSourcesBuildPhase;
			buildActionMask = 2147483647;
			files = (
				6D25EF472CD919D700A07265 /* ExampleTests.swift in Sources */,
			);
			runOnlyForDeploymentPostprocessing = 0;
		};
		6D25EF242CD9195100A07265 /* Sources */ = {
			isa = PBXSourcesBuildPhase;
			buildActionMask = 2147483647;
			files = (
				6D25EF4B2CD919DA00A07265 /* ExampleUITests.swift in Sources */,
				6D25EF4C2CD919DA00A07265 /* ExampleUITestsLaunchTests.swift in Sources */,
			);
			runOnlyForDeploymentPostprocessing = 0;
		};
/* End PBXSourcesBuildPhase section */

/* Begin PBXTargetDependency section */
		6D25EF202CD9195100A07265 /* PBXTargetDependency */ = {
			isa = PBXTargetDependency;
			target = 6D25EF0D2CD9195000A07265 /* Example */;
			targetProxy = 6D25EF1F2CD9195100A07265 /* PBXContainerItemProxy */;
		};
		6D25EF2A2CD9195100A07265 /* PBXTargetDependency */ = {
			isa = PBXTargetDependency;
			target = 6D25EF0D2CD9195000A07265 /* Example */;
			targetProxy = 6D25EF292CD9195100A07265 /* PBXContainerItemProxy */;
		};
/* End PBXTargetDependency section */

/* Begin XCBuildConfiguration section */
		6D25EF302CD9195100A07265 /* Debug */ = {
			isa = XCBuildConfiguration;
			buildSettings = {
				ALWAYS_SEARCH_USER_PATHS = NO;
				ASSETCATALOG_COMPILER_GENERATE_SWIFT_ASSET_SYMBOL_EXTENSIONS = YES;
				CLANG_ANALYZER_NONNULL = YES;
				CLANG_ANALYZER_NUMBER_OBJECT_CONVERSION = YES_AGGRESSIVE;
				CLANG_CXX_LANGUAGE_STANDARD = "gnu++20";
				CLANG_ENABLE_MODULES = YES;
				CLANG_ENABLE_OBJC_ARC = YES;
				CLANG_ENABLE_OBJC_WEAK = YES;
				CLANG_WARN_BLOCK_CAPTURE_AUTORELEASING = YES;
				CLANG_WARN_BOOL_CONVERSION = YES;
				CLANG_WARN_COMMA = YES;
				CLANG_WARN_CONSTANT_CONVERSION = YES;
				CLANG_WARN_DEPRECATED_OBJC_IMPLEMENTATIONS = YES;
				CLANG_WARN_DIRECT_OBJC_ISA_USAGE = YES_ERROR;
				CLANG_WARN_DOCUMENTATION_COMMENTS = YES;
				CLANG_WARN_EMPTY_BODY = YES;
				CLANG_WARN_ENUM_CONVERSION = YES;
				CLANG_WARN_INFINITE_RECURSION = YES;
				CLANG_WARN_INT_CONVERSION = YES;
				CLANG_WARN_NON_LITERAL_NULL_CONVERSION = YES;
				CLANG_WARN_OBJC_IMPLICIT_RETAIN_SELF = YES;
				CLANG_WARN_OBJC_LITERAL_CONVERSION = YES;
				CLANG_WARN_OBJC_ROOT_CLASS = YES_ERROR;
				CLANG_WARN_QUOTED_INCLUDE_IN_FRAMEWORK_HEADER = YES;
				CLANG_WARN_RANGE_LOOP_ANALYSIS = YES;
				CLANG_WARN_STRICT_PROTOTYPES = YES;
				CLANG_WARN_SUSPICIOUS_MOVE = YES;
				CLANG_WARN_UNGUARDED_AVAILABILITY = YES_AGGRESSIVE;
				CLANG_WARN_UNREACHABLE_CODE = YES;
				CLANG_WARN__DUPLICATE_METHOD_MATCH = YES;
				COPY_PHASE_STRIP = NO;
				DEBUG_INFORMATION_FORMAT = dwarf;
				ENABLE_STRICT_OBJC_MSGSEND = YES;
				ENABLE_TESTABILITY = YES;
				ENABLE_USER_SCRIPT_SANDBOXING = NO;
				GCC_C_LANGUAGE_STANDARD = gnu17;
				GCC_DYNAMIC_NO_PIC = NO;
				GCC_NO_COMMON_BLOCKS = YES;
				GCC_OPTIMIZATION_LEVEL = 0;
				GCC_PREPROCESSOR_DEFINITIONS = (
					"DEBUG=1",
					"$(inherited)",
				);
				GCC_WARN_64_TO_32_BIT_CONVERSION = YES;
				GCC_WARN_ABOUT_RETURN_TYPE = YES_ERROR;
				GCC_WARN_UNDECLARED_SELECTOR = YES;
				GCC_WARN_UNINITIALIZED_AUTOS = YES_AGGRESSIVE;
				GCC_WARN_UNUSED_FUNCTION = YES;
				GCC_WARN_UNUSED_VARIABLE = YES;
				IPHONEOS_DEPLOYMENT_TARGET = 18.0;
				LOCALIZATION_PREFERS_STRING_CATALOGS = YES;
				MTL_ENABLE_DEBUG_INFO = INCLUDE_SOURCE;
				MTL_FAST_MATH = YES;
				ONLY_ACTIVE_ARCH = YES;
				SDKROOT = iphoneos;
				SWIFT_ACTIVE_COMPILATION_CONDITIONS = "DEBUG $(inherited)";
				SWIFT_OPTIMIZATION_LEVEL = "-Onone";
			};
			name = Debug;
		};
		6D25EF312CD9195100A07265 /* Release */ = {
			isa = XCBuildConfiguration;
			buildSettings = {
				ALWAYS_SEARCH_USER_PATHS = NO;
				ASSETCATALOG_COMPILER_GENERATE_SWIFT_ASSET_SYMBOL_EXTENSIONS = YES;
				CLANG_ANALYZER_NONNULL = YES;
				CLANG_ANALYZER_NUMBER_OBJECT_CONVERSION = YES_AGGRESSIVE;
				CLANG_CXX_LANGUAGE_STANDARD = "gnu++20";
				CLANG_ENABLE_MODULES = YES;
				CLANG_ENABLE_OBJC_ARC = YES;
				CLANG_ENABLE_OBJC_WEAK = YES;
				CLANG_WARN_BLOCK_CAPTURE_AUTORELEASING = YES;
				CLANG_WARN_BOOL_CONVERSION = YES;
				CLANG_WARN_COMMA = YES;
				CLANG_WARN_CONSTANT_CONVERSION = YES;
				CLANG_WARN_DEPRECATED_OBJC_IMPLEMENTATIONS = YES;
				CLANG_WARN_DIRECT_OBJC_ISA_USAGE = YES_ERROR;
				CLANG_WARN_DOCUMENTATION_COMMENTS = YES;
				CLANG_WARN_EMPTY_BODY = YES;
				CLANG_WARN_ENUM_CONVERSION = YES;
				CLANG_WARN_INFINITE_RECURSION = YES;
				CLANG_WARN_INT_CONVERSION = YES;
				CLANG_WARN_NON_LITERAL_NULL_CONVERSION = YES;
				CLANG_WARN_OBJC_IMPLICIT_RETAIN_SELF = YES;
				CLANG_WARN_OBJC_LITERAL_CONVERSION = YES;
				CLANG_WARN_OBJC_ROOT_CLASS = YES_ERROR;
				CLANG_WARN_QUOTED_INCLUDE_IN_FRAMEWORK_HEADER = YES;
				CLANG_WARN_RANGE_LOOP_ANALYSIS = YES;
				CLANG_WARN_STRICT_PROTOTYPES = YES;
				CLANG_WARN_SUSPICIOUS_MOVE = YES;
				CLANG_WARN_UNGUARDED_AVAILABILITY = YES_AGGRESSIVE;
				CLANG_WARN_UNREACHABLE_CODE = YES;
				CLANG_WARN__DUPLICATE_METHOD_MATCH = YES;
				COPY_PHASE_STRIP = NO;
				DEBUG_INFORMATION_FORMAT = "dwarf-with-dsym";
				ENABLE_NS_ASSERTIONS = NO;
				ENABLE_STRICT_OBJC_MSGSEND = YES;
				ENABLE_USER_SCRIPT_SANDBOXING = NO;
				GCC_C_LANGUAGE_STANDARD = gnu17;
				GCC_NO_COMMON_BLOCKS = YES;
				GCC_WARN_64_TO_32_BIT_CONVERSION = YES;
				GCC_WARN_ABOUT_RETURN_TYPE = YES_ERROR;
				GCC_WARN_UNDECLARED_SELECTOR = YES;
				GCC_WARN_UNINITIALIZED_AUTOS = YES_AGGRESSIVE;
				GCC_WARN_UNUSED_FUNCTION = YES;
				GCC_WARN_UNUSED_VARIABLE = YES;
				IPHONEOS_DEPLOYMENT_TARGET = 18.0;
				LOCALIZATION_PREFERS_STRING_CATALOGS = YES;
				MTL_ENABLE_DEBUG_INFO = NO;
				MTL_FAST_MATH = YES;
				SDKROOT = iphoneos;
				SWIFT_COMPILATION_MODE = wholemodule;
				VALIDATE_PRODUCT = YES;
			};
			name = Release;
		};
		6D25EF332CD9195100A07265 /* Debug */ = {
			isa = XCBuildConfiguration;
			baseConfigurationReference = 7918957EFF7F70A0C0A5FA03 /* Pods-Example.debug.xcconfig */;
			buildSettings = {
				ASSETCATALOG_COMPILER_APPICON_NAME = AppIcon;
				ASSETCATALOG_COMPILER_GLOBAL_ACCENT_COLOR_NAME = AccentColor;
				CODE_SIGN_STYLE = Automatic;
				CURRENT_PROJECT_VERSION = 1;
				DEVELOPMENT_ASSET_PATHS = "\"Example/Preview Content\"";
				ENABLE_PREVIEWS = YES;
				GENERATE_INFOPLIST_FILE = YES;
				INFOPLIST_KEY_UIApplicationSceneManifest_Generation = YES;
				INFOPLIST_KEY_UIApplicationSupportsIndirectInputEvents = YES;
				INFOPLIST_KEY_UILaunchScreen_Generation = YES;
				INFOPLIST_KEY_UISupportedInterfaceOrientations_iPad = "UIInterfaceOrientationPortrait UIInterfaceOrientationPortraitUpsideDown UIInterfaceOrientationLandscapeLeft UIInterfaceOrientationLandscapeRight";
				INFOPLIST_KEY_UISupportedInterfaceOrientations_iPhone = "UIInterfaceOrientationPortrait UIInterfaceOrientationLandscapeLeft UIInterfaceOrientationLandscapeRight";
				LD_RUNPATH_SEARCH_PATHS = (
					"$(inherited)",
					"@executable_path/Frameworks",
				);
				MARKETING_VERSION = 1.0;
				PRODUCT_BUNDLE_IDENTIFIER = "Friendly-Captcha.Example";
				PRODUCT_NAME = "$(TARGET_NAME)";
				SWIFT_EMIT_LOC_STRINGS = YES;
				SWIFT_VERSION = 5.0;
				TARGETED_DEVICE_FAMILY = "1,2";
			};
			name = Debug;
		};
		6D25EF342CD9195100A07265 /* Release */ = {
			isa = XCBuildConfiguration;
			baseConfigurationReference = EFDB094910736CAECFDF4246 /* Pods-Example.release.xcconfig */;
			buildSettings = {
				ASSETCATALOG_COMPILER_APPICON_NAME = AppIcon;
				ASSETCATALOG_COMPILER_GLOBAL_ACCENT_COLOR_NAME = AccentColor;
				CODE_SIGN_STYLE = Automatic;
				CURRENT_PROJECT_VERSION = 1;
				DEVELOPMENT_ASSET_PATHS = "\"Example/Preview Content\"";
				ENABLE_PREVIEWS = YES;
				GENERATE_INFOPLIST_FILE = YES;
				INFOPLIST_KEY_UIApplicationSceneManifest_Generation = YES;
				INFOPLIST_KEY_UIApplicationSupportsIndirectInputEvents = YES;
				INFOPLIST_KEY_UILaunchScreen_Generation = YES;
				INFOPLIST_KEY_UISupportedInterfaceOrientations_iPad = "UIInterfaceOrientationPortrait UIInterfaceOrientationPortraitUpsideDown UIInterfaceOrientationLandscapeLeft UIInterfaceOrientationLandscapeRight";
				INFOPLIST_KEY_UISupportedInterfaceOrientations_iPhone = "UIInterfaceOrientationPortrait UIInterfaceOrientationLandscapeLeft UIInterfaceOrientationLandscapeRight";
				LD_RUNPATH_SEARCH_PATHS = (
					"$(inherited)",
					"@executable_path/Frameworks",
				);
				MARKETING_VERSION = 1.0;
				PRODUCT_BUNDLE_IDENTIFIER = "Friendly-Captcha.Example";
				PRODUCT_NAME = "$(TARGET_NAME)";
				SWIFT_EMIT_LOC_STRINGS = YES;
				SWIFT_VERSION = 5.0;
				TARGETED_DEVICE_FAMILY = "1,2";
			};
			name = Release;
		};
		6D25EF362CD9195100A07265 /* Debug */ = {
			isa = XCBuildConfiguration;
			baseConfigurationReference = DBEF580A16E7ADA5D5903632 /* Pods-ExampleTests.debug.xcconfig */;
			buildSettings = {
				BUNDLE_LOADER = "$(TEST_HOST)";
				CODE_SIGN_STYLE = Automatic;
				CURRENT_PROJECT_VERSION = 1;
				GENERATE_INFOPLIST_FILE = YES;
				IPHONEOS_DEPLOYMENT_TARGET = 18.0;
				MARKETING_VERSION = 1.0;
				PRODUCT_BUNDLE_IDENTIFIER = "Friendly-Captcha.ExampleTests";
				PRODUCT_NAME = "$(TARGET_NAME)";
				SWIFT_EMIT_LOC_STRINGS = NO;
				SWIFT_VERSION = 5.0;
				TARGETED_DEVICE_FAMILY = "1,2";
				TEST_HOST = "$(BUILT_PRODUCTS_DIR)/Example.app/$(BUNDLE_EXECUTABLE_FOLDER_PATH)/Example";
			};
			name = Debug;
		};
		6D25EF372CD9195100A07265 /* Release */ = {
			isa = XCBuildConfiguration;
			baseConfigurationReference = 5D2854750A721A1605E5F234 /* Pods-ExampleTests.release.xcconfig */;
			buildSettings = {
				BUNDLE_LOADER = "$(TEST_HOST)";
				CODE_SIGN_STYLE = Automatic;
				CURRENT_PROJECT_VERSION = 1;
				GENERATE_INFOPLIST_FILE = YES;
				IPHONEOS_DEPLOYMENT_TARGET = 18.0;
				MARKETING_VERSION = 1.0;
				PRODUCT_BUNDLE_IDENTIFIER = "Friendly-Captcha.ExampleTests";
				PRODUCT_NAME = "$(TARGET_NAME)";
				SWIFT_EMIT_LOC_STRINGS = NO;
				SWIFT_VERSION = 5.0;
				TARGETED_DEVICE_FAMILY = "1,2";
				TEST_HOST = "$(BUILT_PRODUCTS_DIR)/Example.app/$(BUNDLE_EXECUTABLE_FOLDER_PATH)/Example";
			};
			name = Release;
		};
		6D25EF392CD9195100A07265 /* Debug */ = {
			isa = XCBuildConfiguration;
			baseConfigurationReference = 5AC8CB61FA4C745DEE9D5D66 /* Pods-Example-ExampleUITests.debug.xcconfig */;
			buildSettings = {
				CODE_SIGN_STYLE = Automatic;
				CURRENT_PROJECT_VERSION = 1;
				ENABLE_USER_SCRIPT_SANDBOXING = NO;
				GENERATE_INFOPLIST_FILE = YES;
				MARKETING_VERSION = 1.0;
				PRODUCT_BUNDLE_IDENTIFIER = "Friendly-Captcha.ExampleUITests";
				PRODUCT_NAME = "$(TARGET_NAME)";
				SWIFT_EMIT_LOC_STRINGS = NO;
				SWIFT_VERSION = 5.0;
				TARGETED_DEVICE_FAMILY = "1,2";
				TEST_TARGET_NAME = Example;
			};
			name = Debug;
		};
		6D25EF3A2CD9195100A07265 /* Release */ = {
			isa = XCBuildConfiguration;
			baseConfigurationReference = 269A75F14FA7B3ABBB6B8A32 /* Pods-Example-ExampleUITests.release.xcconfig */;
			buildSettings = {
				CODE_SIGN_STYLE = Automatic;
				CURRENT_PROJECT_VERSION = 1;
				ENABLE_USER_SCRIPT_SANDBOXING = NO;
				GENERATE_INFOPLIST_FILE = YES;
				MARKETING_VERSION = 1.0;
				PRODUCT_BUNDLE_IDENTIFIER = "Friendly-Captcha.ExampleUITests";
				PRODUCT_NAME = "$(TARGET_NAME)";
				SWIFT_EMIT_LOC_STRINGS = NO;
				SWIFT_VERSION = 5.0;
				TARGETED_DEVICE_FAMILY = "1,2";
				TEST_TARGET_NAME = Example;
			};
			name = Release;
		};
/* End XCBuildConfiguration section */

/* Begin XCConfigurationList section */
		6D25EF092CD9195000A07265 /* Build configuration list for PBXProject "Example" */ = {
			isa = XCConfigurationList;
			buildConfigurations = (
				6D25EF302CD9195100A07265 /* Debug */,
				6D25EF312CD9195100A07265 /* Release */,
			);
			defaultConfigurationIsVisible = 0;
			defaultConfigurationName = Release;
		};
		6D25EF322CD9195100A07265 /* Build configuration list for PBXNativeTarget "Example" */ = {
			isa = XCConfigurationList;
			buildConfigurations = (
				6D25EF332CD9195100A07265 /* Debug */,
				6D25EF342CD9195100A07265 /* Release */,
			);
			defaultConfigurationIsVisible = 0;
			defaultConfigurationName = Release;
		};
		6D25EF352CD9195100A07265 /* Build configuration list for PBXNativeTarget "ExampleTests" */ = {
			isa = XCConfigurationList;
			buildConfigurations = (
				6D25EF362CD9195100A07265 /* Debug */,
				6D25EF372CD9195100A07265 /* Release */,
			);
			defaultConfigurationIsVisible = 0;
			defaultConfigurationName = Release;
		};
		6D25EF382CD9195100A07265 /* Build configuration list for PBXNativeTarget "ExampleUITests" */ = {
			isa = XCConfigurationList;
			buildConfigurations = (
				6D25EF392CD9195100A07265 /* Debug */,
				6D25EF3A2CD9195100A07265 /* Release */,
			);
			defaultConfigurationIsVisible = 0;
			defaultConfigurationName = Release;
		};
/* End XCConfigurationList section */
	};
	rootObject = 6D25EF062CD9195000A07265 /* Project object */;
}
